{
    "_meta": {
        "hash": {
            "sha256": "8d9d86b7d424cc3c8df8402b357dc74768298b3fdd3fd2a1ce180d58784f14a2"
        },
        "pipfile-spec": 6,
        "requires": {
            "python_version": "3.7"
        },
        "sources": [
            {
                "name": "pypi",
                "url": "https://pypi.org/simple",
                "verify_ssl": true
            }
        ]
    },
    "default": {
        "cx-oracle": {
            "hashes": [
                "sha256:0807c71b74eb53d5e9fc05bdce51a4d40c3dd2819dc457ea7ed41c8659eef769",
                "sha256:0ee10dfe7b8b8b8aa81a9ca619a1b4eeee649650deffb0d251803aff2a87dd63",
                "sha256:251655270d7237e1cc2c9b517a22261905fd7752825add611946c7e3426dd9ae",
                "sha256:30ad6158dba90fa51b8c9d7619b32c787c13b0b270b447712344cfc5f0fc2206",
                "sha256:498884203b6b52288f257a934cba94214b0c3414239a3cbe680d20e457494ba8",
                "sha256:5bf4a1e8ca9e8cae128ca88771466de9a071f6498b3d2e4b27206620d96fa98c",
                "sha256:68a07bc652ab9c9a8fa75b6fe5454d0180fa86779463d545941a753d0fb5972c",
                "sha256:77ba277b40caddae59b98a41374c16867569188b25f8f17f73892ca24e0281da",
                "sha256:a67702e694ce53dfe04272ae120e845d73bdd50964f9db956f56dd8d37c6d363",
                "sha256:a8a76d1d254666bbbcae50d0f4822eb0a41ff6c58307b70627efe4d29c70fd99",
                "sha256:b4e8ee09a3dfb3c66d76dbe08b2c8f1df2bc3a97b3c2ecce3aa13b863a1a5fa8",
                "sha256:c7ced8bc752884b1a439d7c2b3c378ad90e4a0629e007fee4f167c6dd2988f5f",
                "sha256:d0d6b0ca0022a990e37d1ff6f3b565f7413bcb2e89cfcb609da9d1b3f9e2cfd6",
                "sha256:e0e56c2b70d933dfd28baf9a11b7ae554a9fc42eb53ec77d16c98ecd5e71e41b"
            ],
            "index": "pypi",
            "version": "==7.2.1"
        },
        "et-xmlfile": {
            "hashes": [
                "sha256:614d9722d572f6246302c4491846d2c393c199cfa4edc9af593437691683335b"
            ],
            "version": "==1.0.1"
        },
        "jdcal": {
            "hashes": [
                "sha256:1abf1305fce18b4e8aa248cf8fe0c56ce2032392bc64bbd61b5dff2a19ec8bba",
                "sha256:472872e096eb8df219c23f2689fc336668bdb43d194094b5cc1707e1640acfc8"
            ],
            "version": "==1.4.1"
        },
        "openpyxl": {
            "hashes": [
                "sha256:1d2af392cef8c8227bd2ac3ebe3a28b25aba74fd4fa473ce106065f0b73bfe2e"
            ],
            "index": "pypi",
            "version": "==2.6.2"
        }
    },
    "develop": {}
}
